# This file is automatically @generated by Cargo.
# It is not intended for manual editing.
version = 4

[[package]]
name = "active_learning_orchestrator"
version = "0.1.0"
dependencies = [
 "anyhow",
 "serde",
 "serde_macros",
 "tokio",
]

[[package]]
name = "anyhow"
version = "1.0.102"
source = "registry+https://github.com/rust-lang/crates.io-index"
checksum = "7f202df86484c868dbad7eaa557ef785d5c66295e41b460ef922eca0723b842c"

[[package]]
name = "aster"
version = "0.27.0"
source = "registry+https://github.com/rust-lang/crates.io-index"
checksum = "258989846dd255a1e0eeef92d425d345477c9999433cecc9f0879f4549d5e5c9"

[[package]]
name = "pin-project-lite"
version = "0.2.17"
source = "registry+https://github.com/rust-lang/crates.io-index"
checksum = "a89322df9ebe1c1578d689c92318e070967d1042b512afbe49518723f4e6d5cd"

[[package]]
name = "proc-macro2"
version = "1.0.106"
source = "registry+https://github.com/rust-lang/crates.io-index"
checksum = "8fd00f0bb2e90d81d1044c2b32617f68fcb9fa3bb7640c23e9c748e53fb30934"
dependencies = [
 "unicode-ident",
]

[[package]]
name = "quasi"
version = "0.20.1"
source = "registry+https://github.com/rust-lang/crates.io-index"
checksum = "94a532453b931a4483a5b2e40f0fe04aee35b6bc2c0eeec876f1bd2358a134d3"

[[package]]
name = "quasi_codegen"
version = "0.20.0"
source = "registry+https://github.com/rust-lang/crates.io-index"
checksum = "cfb4a9a5410fdbdacbeda8063ddb8add9838dfd4cf50ac486db98abb762d8bd6"
dependencies = [
 "aster",
]

[[package]]
name = "quasi_macros"
version = "0.20.0"
source = "registry+https://github.com/rust-lang/crates.io-index"
checksum = "adc2b36285ea5e54e4e267f83896267ff8c5aba4f66b2e7d186ed6d968f3715f"
dependencies = [
 "quasi_codegen",
]

[[package]]
name = "quote"
version = "1.0.45"
source = "registry+https://github.com/rust-lang/crates.io-index"
checksum = "41f2619966050689382d2b44f664f4bc593e129785a36d6ee376ddf37259b924"
dependencies = [
 "proc-macro2",
]

[[package]]
name = "serde"
version = "1.0.228"
source = "registry+https://github.com/rust-lang/crates.io-index"
checksum = "9a8e94ea7f378bd32cbbd37198a4a91436180c5bb472411e48b5ec2e2124ae9e"
dependencies = [
 "serde_core",
]

[[package]]
name = "serde_codegen"
version = "0.8.9"
source = "registry+https://github.com/rust-lang/crates.io-index"
checksum = "da68810d845f8e33a80243c28794650397056cbe7aea4c9c7516f55d1061c94e"
dependencies = [
 "aster",
 "quasi",
 "quasi_macros",
 "serde_codegen_internals",
]

[[package]]
name = "serde_codegen_internals"
version = "0.8.9"
source = "registry+https://github.com/rust-lang/crates.io-index"
checksum = "1b0115c5c602e81c61b787fb0f0fa76a614f8dbe9100b2b59b7d590155672c80"

[[package]]
name = "serde_core"
version = "1.0.228"
source = "registry+https://github.com/rust-lang/crates.io-index"
checksum = "41d385c7d4ca58e59fc732af25c3983b67ac852c1a25000afe1175de458b67ad"
dependencies = [
 "serde_derive",
]

[[package]]
name = "serde_derive"
version = "1.0.228"
source = "registry+https://github.com/rust-lang/crates.io-index"
checksum = "d540f220d3187173da220f885ab66608367b6574e925011a9353e4badda91d79"
dependencies = [
 "proc-macro2",
 "quote",
 "syn",
]

[[package]]
name = "serde_macros"
version = "0.8.9"
source = "registry+https://github.com/rust-lang/crates.io-index"
checksum = "c3cf1c01933271e1e72bb788e0499d1bca8af2c09efcc3ddc0b04ff22d080b83"
dependencies = [
 "serde_codegen",
]

[[package]]
name = "syn"
version = "2.0.117"
source = "registry+https://github.com/rust-lang/crates.io-index"
checksum = "e665b8803e7b1d2a727f4023456bbbbe74da67099c585258af0ad9c5013b9b99"
dependencies = [
 "proc-macro2",
 "quote",
 "unicode-ident",
]

[[package]]
name = "tokio"
version = "1.52.3"
source = "registry+https://github.com/rust-lang/crates.io-index"
checksum = "8fc7f01b389ac15039e4dc9531aa973a135d7a4135281b12d7c1bc79fd57fffe"
dependencies = [
 "pin-project-lite",
]

[[package]]
name = "unicode-ident"
version = "1.0.24"
source = "registry+https://github.com/rust-lang/crates.io-index"
checksum = "e6e4313cd5fcd3dad5cafa179702e2b244f760991f45397d14d4ebf38247da75"
